
Microsoft Visual Studio Solution File, Format Version 12.00
# Visual Studio 15
VisualStudioVersion = 15.0.25420.1
MinimumVisualStudioVersion = 10.0.40219.1
Project("{FAE04EC0-301F-11D3-BF4B-00C04F79EFBC}") = "SCADA.Web", "SCADA.Web\SCADA.Web.csproj", "{B11C9B36-1092-48A5-9BFE-8B54013A9EB6}"
EndProject
Project("{2150E333-8FDC-42A3-9474-1A3956D46DE8}") = "UI", "UI", "{ECD04DFD-5D0E-49F3-85F7-928423F4A1EC}"
EndProject
Project("{2150E333-8FDC-42A3-9474-1A3956D46DE8}") = "Service", "Service", "{8249CDA8-11CB-4665-BEB0-1E230909D3C2}"
EndProject
Project("{2150E333-8FDC-42A3-9474-1A3956D46DE8}") = "Repository", "Repository", "{B5681589-354C-4B90-A1BA-DBBE62DDA192}"
EndProject
Project("{2150E333-8FDC-42A3-9474-1A3956D46DE8}") = "Infrastructure", "Infrastructure", "{36B7A8DC-538A-48E9-906D-4ABA41983A71}"
EndProject
Project("{FAE04EC0-301F-11D3-BF4B-00C04F79EFBC}") = "ScadaWeb.Service", "ScadaWeb.Service\ScadaWeb.Service.csproj", "{F0CE8684-5543-4A6F-A554-3FF4FA4B8078}"
EndProject
Project("{FAE04EC0-301F-11D3-BF4B-00C04F79EFBC}") = "ScadaWeb.IService", "ScadaWeb.IService\ScadaWeb.IService.csproj", "{592274D7-61D6-4C54-AFA9-6BEE6E22E5C5}"
EndProject
Project("{FAE04EC0-301F-11D3-BF4B-00C04F79EFBC}") = "ScadaWeb.IRepository", "ScadaWeb.IRepository\ScadaWeb.IRepository.csproj", "{1FC7FCFB-8FCD-4310-B1CD-3515F1A84C4F}"
EndProject
Project("{FAE04EC0-301F-11D3-BF4B-00C04F79EFBC}") = "ScadaWeb.Repository", "ScadaWeb.Repository\ScadaWeb.Repository.csproj", "{3B0BF427-EB9A-4C1B-9ED8-2B5952FE5EC8}"
EndProject
Project("{FAE04EC0-301F-11D3-BF4B-00C04F79EFBC}") = "ScadaWeb.Common", "ScadaWeb.Common\ScadaWeb.Common.csproj", "{55473F4C-CFDC-49E4-8776-4F067D50078B}"
EndProject
Project("{FAE04EC0-301F-11D3-BF4B-00C04F79EFBC}") = "ScadaWeb.Model", "ScadaWeb.Model\ScadaWeb.Model.csproj", "{C5FA8C31-0FE8-4BE5-BB97-726E8A734FE3}"
EndProject
Project("{FAE04EC0-301F-11D3-BF4B-00C04F79EFBC}") = "ScadaWeb.DapperExtensions", "ScadaWeb.DapperExtensions\ScadaWeb.DapperExtensions.csproj", "{2F606FC5-715B-4E54-B867-D7A0941C999C}"
EndProject
Project("{2150E333-8FDC-42A3-9474-1A3956D46DE8}") = "InfluxDb", "InfluxDb", "{782DC7DC-009E-4E90-A46B-9F733BDABC68}"
EndProject
Project("{FAE04EC0-301F-11D3-BF4B-00C04F79EFBC}") = "InfluxData.Net.Common", "..\..\InfluxDB\InfluxData.Net.Common\InfluxData.Net.Common.csproj", "{977DA0F2-0330-44B2-8118-40DE63909D7B}"
EndProject
Project("{FAE04EC0-301F-11D3-BF4B-00C04F79EFBC}") = "InfluxData.Net.InfluxDb", "..\..\InfluxDB\InfluxData.Net.InfluxDb\InfluxData.Net.InfluxDb.csproj", "{411EB16C-EB13-49E2-BF95-431E3083A80A}"
EndProject
Project("{FAE04EC0-301F-11D3-BF4B-00C04F79EFBC}") = "InfluxData.Net.Kapacitor", "..\..\InfluxDB\InfluxData.Net.Kapacitor\InfluxData.Net.Kapacitor.csproj", "{79DBD6DA-9F99-47EC-AD42-1A308AB0EB37}"
EndProject
Project("{FAE04EC0-301F-11D3-BF4B-00C04F79EFBC}") = "WebInfluxDbAPI", "WebInfluxDbAPI\WebInfluxDbAPI.csproj", "{467A603D-C5AD-426F-8E8F-6C19F2D4D67C}"
EndProject
Global
	GlobalSection(SolutionConfigurationPlatforms) = preSolution
		Debug|Any CPU = Debug|Any CPU
		Debug|x86 = Debug|x86
		Release|Any CPU = Release|Any CPU
		Release|x86 = Release|x86
	EndGlobalSection
	GlobalSection(ProjectConfigurationPlatforms) = postSolution
		{B11C9B36-1092-48A5-9BFE-8B54013A9EB6}.Debug|Any CPU.ActiveCfg = Debug|Any CPU
		{B11C9B36-1092-48A5-9BFE-8B54013A9EB6}.Debug|Any CPU.Build.0 = Debug|Any CPU
		{B11C9B36-1092-48A5-9BFE-8B54013A9EB6}.Debug|x86.ActiveCfg = Debug|Any CPU
		{B11C9B36-1092-48A5-9BFE-8B54013A9EB6}.Debug|x86.Build.0 = Debug|Any CPU
		{B11C9B36-1092-48A5-9BFE-8B54013A9EB6}.Release|Any CPU.ActiveCfg = Release|Any CPU
		{B11C9B36-1092-48A5-9BFE-8B54013A9EB6}.Release|Any CPU.Build.0 = Release|Any CPU
		{B11C9B36-1092-48A5-9BFE-8B54013A9EB6}.Release|x86.ActiveCfg = Release|Any CPU
		{B11C9B36-1092-48A5-9BFE-8B54013A9EB6}.Release|x86.Build.0 = Release|Any CPU
		{F0CE8684-5543-4A6F-A554-3FF4FA4B8078}.Debug|Any CPU.ActiveCfg = Debug|Any CPU
		{F0CE8684-5543-4A6F-A554-3FF4FA4B8078}.Debug|Any CPU.Build.0 = Debug|Any CPU
		{F0CE8684-5543-4A6F-A554-3FF4FA4B8078}.Debug|x86.ActiveCfg = Debug|Any CPU
		{F0CE8684-5543-4A6F-A554-3FF4FA4B8078}.Debug|x86.Build.0 = Debug|Any CPU
		{F0CE8684-5543-4A6F-A554-3FF4FA4B8078}.Release|Any CPU.ActiveCfg = Release|Any CPU
		{F0CE8684-5543-4A6F-A554-3FF4FA4B8078}.Release|Any CPU.Build.0 = Release|Any CPU
		{F0CE8684-5543-4A6F-A554-3FF4FA4B8078}.Release|x86.ActiveCfg = Release|Any CPU
		{F0CE8684-5543-4A6F-A554-3FF4FA4B8078}.Release|x86.Build.0 = Release|Any CPU
		{592274D7-61D6-4C54-AFA9-6BEE6E22E5C5}.Debug|Any CPU.ActiveCfg = Debug|Any CPU
		{592274D7-61D6-4C54-AFA9-6BEE6E22E5C5}.Debug|Any CPU.Build.0 = Debug|Any CPU
		{592274D7-61D6-4C54-AFA9-6BEE6E22E5C5}.Debug|x86.ActiveCfg = Debug|Any CPU
		{592274D7-61D6-4C54-AFA9-6BEE6E22E5C5}.Debug|x86.Build.0 = Debug|Any CPU
		{592274D7-61D6-4C54-AFA9-6BEE6E22E5C5}.Release|Any CPU.ActiveCfg = Release|Any CPU
		{592274D7-61D6-4C54-AFA9-6BEE6E22E5C5}.Release|Any CPU.Build.0 = Release|Any CPU
		{592274D7-61D6-4C54-AFA9-6BEE6E22E5C5}.Release|x86.ActiveCfg = Release|Any CPU
		{592274D7-61D6-4C54-AFA9-6BEE6E22E5C5}.Release|x86.Build.0 = Release|Any CPU
		{1FC7FCFB-8FCD-4310-B1CD-3515F1A84C4F}.Debug|Any CPU.ActiveCfg = Debug|Any CPU
		{1FC7FCFB-8FCD-4310-B1CD-3515F1A84C4F}.Debug|Any CPU.Build.0 = Debug|Any CPU
		{1FC7FCFB-8FCD-4310-B1CD-3515F1A84C4F}.Debug|x86.ActiveCfg = Debug|Any CPU
		{1FC7FCFB-8FCD-4310-B1CD-3515F1A84C4F}.Debug|x86.Build.0 = Debug|Any CPU
		{1FC7FCFB-8FCD-4310-B1CD-3515F1A84C4F}.Release|Any CPU.ActiveCfg = Release|Any CPU
		{1FC7FCFB-8FCD-4310-B1CD-3515F1A84C4F}.Release|Any CPU.Build.0 = Release|Any CPU
		{1FC7FCFB-8FCD-4310-B1CD-3515F1A84C4F}.Release|x86.ActiveCfg = Release|Any CPU
		{1FC7FCFB-8FCD-4310-B1CD-3515F1A84C4F}.Release|x86.Build.0 = Release|Any CPU
		{3B0BF427-EB9A-4C1B-9ED8-2B5952FE5EC8}.Debug|Any CPU.ActiveCfg = Debug|Any CPU
		{3B0BF427-EB9A-4C1B-9ED8-2B5952FE5EC8}.Debug|Any CPU.Build.0 = Debug|Any CPU
		{3B0BF427-EB9A-4C1B-9ED8-2B5952FE5EC8}.Debug|x86.ActiveCfg = Debug|Any CPU
		{3B0BF427-EB9A-4C1B-9ED8-2B5952FE5EC8}.Debug|x86.Build.0 = Debug|Any CPU
		{3B0BF427-EB9A-4C1B-9ED8-2B5952FE5EC8}.Release|Any CPU.ActiveCfg = Release|Any CPU
		{3B0BF427-EB9A-4C1B-9ED8-2B5952FE5EC8}.Release|Any CPU.Build.0 = Release|Any CPU
		{3B0BF427-EB9A-4C1B-9ED8-2B5952FE5EC8}.Release|x86.ActiveCfg = Release|Any CPU
		{3B0BF427-EB9A-4C1B-9ED8-2B5952FE5EC8}.Release|x86.Build.0 = Release|Any CPU
		{55473F4C-CFDC-49E4-8776-4F067D50078B}.Debug|Any CPU.ActiveCfg = Debug|Any CPU
		{55473F4C-CFDC-49E4-8776-4F067D50078B}.Debug|Any CPU.Build.0 = Debug|Any CPU
		{55473F4C-CFDC-49E4-8776-4F067D50078B}.Debug|x86.ActiveCfg = Debug|Any CPU
		{55473F4C-CFDC-49E4-8776-4F067D50078B}.Debug|x86.Build.0 = Debug|Any CPU
		{55473F4C-CFDC-49E4-8776-4F067D50078B}.Release|Any CPU.ActiveCfg = Release|Any CPU
		{55473F4C-CFDC-49E4-8776-4F067D50078B}.Release|Any CPU.Build.0 = Release|Any CPU
		{55473F4C-CFDC-49E4-8776-4F067D50078B}.Release|x86.ActiveCfg = Release|Any CPU
		{55473F4C-CFDC-49E4-8776-4F067D50078B}.Release|x86.Build.0 = Release|Any CPU
		{C5FA8C31-0FE8-4BE5-BB97-726E8A734FE3}.Debug|Any CPU.ActiveCfg = Debug|Any CPU
		{C5FA8C31-0FE8-4BE5-BB97-726E8A734FE3}.Debug|Any CPU.Build.0 = Debug|Any CPU
		{C5FA8C31-0FE8-4BE5-BB97-726E8A734FE3}.Debug|x86.ActiveCfg = Debug|Any CPU
		{C5FA8C31-0FE8-4BE5-BB97-726E8A734FE3}.Debug|x86.Build.0 = Debug|Any CPU
		{C5FA8C31-0FE8-4BE5-BB97-726E8A734FE3}.Release|Any CPU.ActiveCfg = Release|Any CPU
		{C5FA8C31-0FE8-4BE5-BB97-726E8A734FE3}.Release|Any CPU.Build.0 = Release|Any CPU
		{C5FA8C31-0FE8-4BE5-BB97-726E8A734FE3}.Release|x86.ActiveCfg = Release|Any CPU
		{C5FA8C31-0FE8-4BE5-BB97-726E8A734FE3}.Release|x86.Build.0 = Release|Any CPU
		{2F606FC5-715B-4E54-B867-D7A0941C999C}.Debug|Any CPU.ActiveCfg = Debug|Any CPU
		{2F606FC5-715B-4E54-B867-D7A0941C999C}.Debug|Any CPU.Build.0 = Debug|Any CPU
		{2F606FC5-715B-4E54-B867-D7A0941C999C}.Debug|x86.ActiveCfg = Debug|Any CPU
		{2F606FC5-715B-4E54-B867-D7A0941C999C}.Debug|x86.Build.0 = Debug|Any CPU
		{2F606FC5-715B-4E54-B867-D7A0941C999C}.Release|Any CPU.ActiveCfg = Release|Any CPU
		{2F606FC5-715B-4E54-B867-D7A0941C999C}.Release|Any CPU.Build.0 = Release|Any CPU
		{2F606FC5-715B-4E54-B867-D7A0941C999C}.Release|x86.ActiveCfg = Release|Any CPU
		{2F606FC5-715B-4E54-B867-D7A0941C999C}.Release|x86.Build.0 = Release|Any CPU
		{977DA0F2-0330-44B2-8118-40DE63909D7B}.Debug|Any CPU.ActiveCfg = Debug|Any CPU
		{977DA0F2-0330-44B2-8118-40DE63909D7B}.Debug|Any CPU.Build.0 = Debug|Any CPU
		{977DA0F2-0330-44B2-8118-40DE63909D7B}.Debug|x86.ActiveCfg = Debug|Any CPU
		{977DA0F2-0330-44B2-8118-40DE63909D7B}.Debug|x86.Build.0 = Debug|Any CPU
		{977DA0F2-0330-44B2-8118-40DE63909D7B}.Release|Any CPU.ActiveCfg = Release|Any CPU
		{977DA0F2-0330-44B2-8118-40DE63909D7B}.Release|Any CPU.Build.0 = Release|Any CPU
		{977DA0F2-0330-44B2-8118-40DE63909D7B}.Release|x86.ActiveCfg = Release|Any CPU
		{977DA0F2-0330-44B2-8118-40DE63909D7B}.Release|x86.Build.0 = Release|Any CPU
		{411EB16C-EB13-49E2-BF95-431E3083A80A}.Debug|Any CPU.ActiveCfg = Debug|Any CPU
		{411EB16C-EB13-49E2-BF95-431E3083A80A}.Debug|Any CPU.Build.0 = Debug|Any CPU
		{411EB16C-EB13-49E2-BF95-431E3083A80A}.Debug|x86.ActiveCfg = Debug|Any CPU
		{411EB16C-EB13-49E2-BF95-431E3083A80A}.Debug|x86.Build.0 = Debug|Any CPU
		{411EB16C-EB13-49E2-BF95-431E3083A80A}.Release|Any CPU.ActiveCfg = Release|Any CPU
		{411EB16C-EB13-49E2-BF95-431E3083A80A}.Release|Any CPU.Build.0 = Release|Any CPU
		{411EB16C-EB13-49E2-BF95-431E3083A80A}.Release|x86.ActiveCfg = Release|Any CPU
		{411EB16C-EB13-49E2-BF95-431E3083A80A}.Release|x86.Build.0 = Release|Any CPU
		{79DBD6DA-9F99-47EC-AD42-1A308AB0EB37}.Debug|Any CPU.ActiveCfg = Debug|Any CPU
		{79DBD6DA-9F99-47EC-AD42-1A308AB0EB37}.Debug|Any CPU.Build.0 = Debug|Any CPU
		{79DBD6DA-9F99-47EC-AD42-1A308AB0EB37}.Debug|x86.ActiveCfg = Debug|Any CPU
		{79DBD6DA-9F99-47EC-AD42-1A308AB0EB37}.Debug|x86.Build.0 = Debug|Any CPU
		{79DBD6DA-9F99-47EC-AD42-1A308AB0EB37}.Release|Any CPU.ActiveCfg = Release|Any CPU
		{79DBD6DA-9F99-47EC-AD42-1A308AB0EB37}.Release|Any CPU.Build.0 = Release|Any CPU
		{79DBD6DA-9F99-47EC-AD42-1A308AB0EB37}.Release|x86.ActiveCfg = Release|Any CPU
		{79DBD6DA-9F99-47EC-AD42-1A308AB0EB37}.Release|x86.Build.0 = Release|Any CPU
		{467A603D-C5AD-426F-8E8F-6C19F2D4D67C}.Debug|Any CPU.ActiveCfg = Debug|Any CPU
		{467A603D-C5AD-426F-8E8F-6C19F2D4D67C}.Debug|Any CPU.Build.0 = Debug|Any CPU
		{467A603D-C5AD-426F-8E8F-6C19F2D4D67C}.Debug|x86.ActiveCfg = Debug|Any CPU
		{467A603D-C5AD-426F-8E8F-6C19F2D4D67C}.Debug|x86.Build.0 = Debug|Any CPU
		{467A603D-C5AD-426F-8E8F-6C19F2D4D67C}.Release|Any CPU.ActiveCfg = Release|Any CPU
		{467A603D-C5AD-426F-8E8F-6C19F2D4D67C}.Release|Any CPU.Build.0 = Release|Any CPU
		{467A603D-C5AD-426F-8E8F-6C19F2D4D67C}.Release|x86.ActiveCfg = Release|Any CPU
		{467A603D-C5AD-426F-8E8F-6C19F2D4D67C}.Release|x86.Build.0 = Release|Any CPU
	EndGlobalSection
	GlobalSection(SolutionProperties) = preSolution
		HideSolutionNode = FALSE
	EndGlobalSection
	GlobalSection(NestedProjects) = preSolution
		{B11C9B36-1092-48A5-9BFE-8B54013A9EB6} = {ECD04DFD-5D0E-49F3-85F7-928423F4A1EC}
		{F0CE8684-5543-4A6F-A554-3FF4FA4B8078} = {8249CDA8-11CB-4665-BEB0-1E230909D3C2}
		{592274D7-61D6-4C54-AFA9-6BEE6E22E5C5} = {8249CDA8-11CB-4665-BEB0-1E230909D3C2}
		{1FC7FCFB-8FCD-4310-B1CD-3515F1A84C4F} = {B5681589-354C-4B90-A1BA-DBBE62DDA192}
		{3B0BF427-EB9A-4C1B-9ED8-2B5952FE5EC8} = {B5681589-354C-4B90-A1BA-DBBE62DDA192}
		{55473F4C-CFDC-49E4-8776-4F067D50078B} = {36B7A8DC-538A-48E9-906D-4ABA41983A71}
		{C5FA8C31-0FE8-4BE5-BB97-726E8A734FE3} = {B5681589-354C-4B90-A1BA-DBBE62DDA192}
		{2F606FC5-715B-4E54-B867-D7A0941C999C} = {B5681589-354C-4B90-A1BA-DBBE62DDA192}
		{977DA0F2-0330-44B2-8118-40DE63909D7B} = {782DC7DC-009E-4E90-A46B-9F733BDABC68}
		{411EB16C-EB13-49E2-BF95-431E3083A80A} = {782DC7DC-009E-4E90-A46B-9F733BDABC68}
		{79DBD6DA-9F99-47EC-AD42-1A308AB0EB37} = {782DC7DC-009E-4E90-A46B-9F733BDABC68}
		{467A603D-C5AD-426F-8E8F-6C19F2D4D67C} = {782DC7DC-009E-4E90-A46B-9F733BDABC68}
	EndGlobalSection
	GlobalSection(ExtensibilityGlobals) = postSolution
		SolutionGuid = {7DFA1893-928C-4EA1-BA48-D07BE4CACE21}
	EndGlobalSection
EndGlobal
